// !$*UTF8*$!
{
	archiveVersion = 1;
	classes = {
	};
	objectVersion = 50;
	objects = {

/* Begin PBXBuildFile section */
		60406A2E270851B000A2B767 /* ScoreView.swift in Sources */ = {isa = PBXBuildFile; fileRef = 60406A2D270851B000A2B767 /* ScoreView.swift */; };
		60406A30270851C000A2B767 /* Score.swift in Sources */ = {isa = PBXBuildFile; fileRef = 60406A2F270851C000A2B767 /* Score.swift */; };
		60406A32270851D100A2B767 /* ScoreViewModel.swift in Sources */ = {isa = PBXBuildFile; fileRef = 60406A31270851D100A2B767 /* ScoreViewModel.swift */; };
		60406A392708542E00A2B767 /* ActionButton.swift in Sources */ = {isa = PBXBuildFile; fileRef = 60406A382708542E00A2B767 /* ActionButton.swift */; };
		60406A4127085BC600A2B767 /* MVVM_Environment_ObjectTests.swift in Sources */ = {isa = PBXBuildFile; fileRef = 60406A4027085BC600A2B767 /* MVVM_Environment_ObjectTests.swift */; };
		60E69E702708472400BE0A95 /* MVVM_Environment_ObjectApp.swift in Sources */ = {isa = PBXBuildFile; fileRef = 60E69E6F2708472400BE0A95 /* MVVM_Environment_ObjectApp.swift */; };
		60E69E722708472400BE0A95 /* CounterView.swift in Sources */ = {isa = PBXBuildFile; fileRef = 60E69E712708472400BE0A95 /* CounterView.swift */; };
		60E69E742708472600BE0A95 /* Assets.xcassets in Resources */ = {isa = PBXBuildFile; fileRef = 60E69E732708472600BE0A95 /* Assets.xcassets */; };
		60E69E772708472600BE0A95 /* Preview Assets.xcassets in Resources */ = {isa = PBXBuildFile; fileRef = 60E69E762708472600BE0A95 /* Preview Assets.xcassets */; };
/* End PBXBuildFile section */

/* Begin PBXContainerItemProxy section */
		60406A4327085BC600A2B767 /* PBXContainerItemProxy */ = {
			isa = PBXContainerItemProxy;
			containerPortal = 60E69E642708472400BE0A95 /* Project object */;
			proxyType = 1;
			remoteGlobalIDString = 60E69E6B2708472400BE0A95;
			remoteInfo = "MVVM-Environment-Object";
		};
/* End PBXContainerItemProxy section */

/* Begin PBXFileReference section */
		60406A2D270851B000A2B767 /* ScoreView.swift */ = {isa = PBXFileReference; lastKnownFileType = sourcecode.swift; path = ScoreView.swift; sourceTree = "<group>"; };
		60406A2F270851C000A2B767 /* Score.swift */ = {isa = PBXFileReference; lastKnownFileType = sourcecode.swift; path = Score.swift; sourceTree = "<group>"; };
		60406A31270851D100A2B767 /* ScoreViewModel.swift */ = {isa = PBXFileReference; lastKnownFileType = sourcecode.swift; path = ScoreViewModel.swift; sourceTree = "<group>"; };
		60406A382708542E00A2B767 /* ActionButton.swift */ = {isa = PBXFileReference; lastKnownFileType = sourcecode.swift; path = ActionButton.swift; sourceTree = "<group>"; };
		60406A3E27085BC600A2B767 /* MVVM-Environment-ObjectTests.xctest */ = {isa = PBXFileReference; explicitFileType = wrapper.cfbundle; includeInIndex = 0; path = "MVVM-Environment-ObjectTests.xctest"; sourceTree = BUILT_PRODUCTS_DIR; };
		60406A4027085BC600A2B767 /* MVVM_Environment_ObjectTests.swift */ = {isa = PBXFileReference; lastKnownFileType = sourcecode.swift; path = MVVM_Environment_ObjectTests.swift; sourceTree = "<group>"; };
		60406A4227085BC600A2B767 /* Info.plist */ = {isa = PBXFileReference; lastKnownFileType = text.plist.xml; path = Info.plist; sourceTree = "<group>"; };
		60E69E6C2708472400BE0A95 /* MVVM-Environment-Object.app */ = {isa = PBXFileReference; explicitFileType = wrapper.application; includeInIndex = 0; path = "MVVM-Environment-Object.app"; sourceTree = BUILT_PRODUCTS_DIR; };
		60E69E6F2708472400BE0A95 /* MVVM_Environment_ObjectApp.swift */ = {isa = PBXFileReference; lastKnownFileType = sourcecode.swift; path = MVVM_Environment_ObjectApp.swift; sourceTree = "<group>"; };
		60E69E712708472400BE0A95 /* CounterView.swift */ = {isa = PBXFileReference; lastKnownFileType = sourcecode.swift; path = CounterView.swift; sourceTree = "<group>"; };
		60E69E732708472600BE0A95 /* Assets.xcassets */ = {isa = PBXFileReference; lastKnownFileType = folder.assetcatalog; path = Assets.xcassets; sourceTree = "<group>"; };
		60E69E762708472600BE0A95 /* Preview Assets.xcassets */ = {isa = PBXFileReference; lastKnownFileType = folder.assetcatalog; path = "Preview Assets.xcassets"; sourceTree = "<group>"; };
		60E69E782708472600BE0A95 /* Info.plist */ = {isa = PBXFileReference; lastKnownFileType = text.plist.xml; path = Info.plist; sourceTree = "<group>"; };
/* End PBXFileReference section */

/* Begin PBXFrameworksBuildPhase section */
		60406A3B27085BC600A2B767 /* Frameworks */ = {
			isa = PBXFrameworksBuildPhase;
			buildActionMask = 2147483647;
			files = (
			);
			runOnlyForDeploymentPostprocessing = 0;
		};
		60E69E692708472400BE0A95 /* Frameworks */ = {
			isa = PBXFrameworksBuildPhase;
			buildActionMask = 2147483647;
			files = (
			);
			runOnlyForDeploymentPostprocessing = 0;
		};
/* End PBXFrameworksBuildPhase section */

/* Begin PBXGroup section */
		60406A33270851D600A2B767 /* Model */ = {
			isa = PBXGroup;
			children = (
				60406A2F270851C000A2B767 /* Score.swift */,
			);
			path = Model;
			sourceTree = "<group>";
		};
		60406A34270851E100A2B767 /* View */ = {
			isa = PBXGroup;
			children = (
				60E69E712708472400BE0A95 /* CounterView.swift */,
				60406A2D270851B000A2B767 /* ScoreView.swift */,
				60406A382708542E00A2B767 /* ActionButton.swift */,
			);
			path = View;
			sourceTree = "<group>";
		};
		60406A35270851F900A2B767 /* View Model */ = {
			isa = PBXGroup;
			children = (
				60406A31270851D100A2B767 /* ScoreViewModel.swift */,
			);
			path = "View Model";
			sourceTree = "<group>";
		};
		60406A3F27085BC600A2B767 /* MVVM-Environment-ObjectTests */ = {
			isa = PBXGroup;
			children = (
				60406A4027085BC600A2B767 /* MVVM_Environment_ObjectTests.swift */,
				60406A4227085BC600A2B767 /* Info.plist */,
			);
			path = "MVVM-Environment-ObjectTests";
			sourceTree = "<group>";
		};
		60E69E632708472400BE0A95 = {
			isa = PBXGroup;
			children = (
				60E69E6E2708472400BE0A95 /* MVVM-Environment-Object */,
				60406A3F27085BC600A2B767 /* MVVM-Environment-ObjectTests */,
				60E69E6D2708472400BE0A95 /* Products */,
			);
			sourceTree = "<group>";
		};
		60E69E6D2708472400BE0A95 /* Products */ = {
			isa = PBXGroup;
			children = (
				60E69E6C2708472400BE0A95 /* MVVM-Environment-Object.app */,
				60406A3E27085BC600A2B767 /* MVVM-Environment-ObjectTests.xctest */,
			);
			name = Products;
			sourceTree = "<group>";
		};
		60E69E6E2708472400BE0A95 /* MVVM-Environment-Object */ = {
			isa = PBXGroup;
			children = (
				60E69E6F2708472400BE0A95 /* MVVM_Environment_ObjectApp.swift */,
				60406A33270851D600A2B767 /* Model */,
				60406A34270851E100A2B767 /* View */,
				60406A35270851F900A2B767 /* View Model */,
				60E69E732708472600BE0A95 /* Assets.xcassets */,
				60E69E782708472600BE0A95 /* Info.plist */,
				60E69E752708472600BE0A95 /* Preview Content */,
			);
			path = "MVVM-Environment-Object";
			sourceTree = "<group>";
		};
		60E69E752708472600BE0A95 /* Preview Content */ = {
			isa = PBXGroup;
			children = (
				60E69E762708472600BE0A95 /* Preview Assets.xcassets */,
			);
			path = "Preview Content";
			sourceTree = "<group>";
		};
/* End PBXGroup section */

/* Begin PBXNativeTarget section */
		60406A3D27085BC600A2B767 /* MVVM-Environment-ObjectTests */ = {
			isa = PBXNativeTarget;
			buildConfigurationList = 60406A4527085BC600A2B767 /* Build configuration list for PBXNativeTarget "MVVM-Environment-ObjectTests" */;
			buildPhases = (
				60406A3A27085BC600A2B767 /* Sources */,
				60406A3B27085BC600A2B767 /* Frameworks */,
				60406A3C27085BC600A2B767 /* Resources */,
			);
			buildRules = (
			);
			dependencies = (
				60406A4427085BC600A2B767 /* PBXTargetDependency */,
			);
			name = "MVVM-Environment-ObjectTests";
			productName = "MVVM-Environment-ObjectTests";
			productReference = 60406A3E27085BC600A2B767 /* MVVM-Environment-ObjectTests.xctest */;
			productType = "com.apple.product-type.bundle.unit-test";
		};
		60E69E6B2708472400BE0A95 /* MVVM-Environment-Object */ = {
			isa = PBXNativeTarget;
			buildConfigurationList = 60E69E7B2708472600BE0A95 /* Build configuration list for PBXNativeTarget "MVVM-Environment-Object" */;
			buildPhases = (
				60E69E682708472400BE0A95 /* Sources */,
				60E69E692708472400BE0A95 /* Frameworks */,
				60E69E6A2708472400BE0A95 /* Resources */,
			);
			buildRules = (
			);
			dependencies = (
			);
			name = "MVVM-Environment-Object";
			productName = "MVVM-Environment-Object";
			productReference = 60E69E6C2708472400BE0A95 /* MVVM-Environment-Object.app */;
			productType = "com.apple.product-type.application";
		};
/* End PBXNativeTarget section */

/* Begin PBXProject section */
		60E69E642708472400BE0A95 /* Project object */ = {
			isa = PBXProject;
			attributes = {
				LastSwiftUpdateCheck = 1250;
				LastUpgradeCheck = 1250;
				TargetAttributes = {
					60406A3D27085BC600A2B767 = {
						CreatedOnToolsVersion = 12.5.1;
						TestTargetID = 60E69E6B2708472400BE0A95;
					};
					60E69E6B2708472400BE0A95 = {
						CreatedOnToolsVersion = 12.5.1;
					};
				};
			};
			buildConfigurationList = 60E69E672708472400BE0A95 /* Build configuration list for PBXProject "MVVM-Environment-Object" */;
			compatibilityVersion = "Xcode 9.3";
			developmentRegion = en;
			hasScannedForEncodings = 0;
			knownRegions = (
				en,
				Base,
			);
			mainGroup = 60E69E632708472400BE0A95;
			productRefGroup = 60E69E6D2708472400BE0A95 /* Products */;
			projectDirPath = "";
			projectRoot = "";
			targets = (
				60E69E6B2708472400BE0A95 /* MVVM-Environment-Object */,
				60406A3D27085BC600A2B767 /* MVVM-Environment-ObjectTests */,
			);
		};
/* End PBXProject section */

/* Begin PBXResourcesBuildPhase section */
		60406A3C27085BC600A2B767 /* Resources */ = {
			isa = PBXResourcesBuildPhase;
			buildActionMask = 2147483647;
			files = (
			);
			runOnlyForDeploymentPostprocessing = 0;
		};
		60E69E6A2708472400BE0A95 /* Resources */ = {
			isa = PBXResourcesBuildPhase;
			buildActionMask = 2147483647;
			files = (
				60E69E772708472600BE0A95 /* Preview Assets.xcassets in Resources */,
				60E69E742708472600BE0A95 /* Assets.xcassets in Resources */,
			);
			runOnlyForDeploymentPostprocessing = 0;
		};
/* End PBXResourcesBuildPhase section */

/* Begin PBXSourcesBuildPhase section */
		60406A3A27085BC600A2B767 /* Sources */ = {
			isa = PBXSourcesBuildPhase;
			buildActionMask = 2147483647;
			files = (
				60406A4127085BC600A2B767 /* MVVM_Environment_ObjectTests.swift in Sources */,
			);
			runOnlyForDeploymentPostprocessing = 0;
		};
		60E69E682708472400BE0A95 /* Sources */ = {
			isa = PBXSourcesBuildPhase;
			buildActionMask = 2147483647;
			files = (
				60E69E722708472400BE0A95 /* CounterView.swift in Sources */,
				60406A32270851D100A2B767 /* ScoreViewModel.swift in Sources */,
				60E69E702708472400BE0A95 /* MVVM_Environment_ObjectApp.swift in Sources */,
				60406A30270851C000A2B767 /* Score.swift in Sources */,
				60406A2E270851B000A2B767 /* ScoreView.swift in Sources */,
				60406A392708542E00A2B767 /* ActionButton.swift in Sources */,
			);
			runOnlyForDeploymentPostprocessing = 0;
		};
/* End PBXSourcesBuildPhase section */

/* Begin PBXTargetDependency section */
		60406A4427085BC600A2B767 /* PBXTargetDependency */ = {
			isa = PBXTargetDependency;
			target = 60E69E6B2708472400BE0A95 /* MVVM-Environment-Object */;
			targetProxy = 60406A4327085BC600A2B767 /* PBXContainerItemProxy */;
		};
/* End PBXTargetDependency section */

/* Begin XCBuildConfiguration section */
		60406A4627085BC600A2B767 /* Debug */ = {
			isa = XCBuildConfiguration;
			buildSettings = {
				BUNDLE_LOADER = "$(TEST_HOST)";
				CODE_SIGN_STYLE = Automatic;
				DEVELOPMENT_TEAM = 3H56HFHX43;
				INFOPLIST_FILE = "MVVM-Environment-ObjectTests/Info.plist";
				LD_RUNPATH_SEARCH_PATHS = (
					"$(inherited)",
					"@executable_path/Frameworks",
					"@loader_path/Frameworks",
				);
				PRODUCT_BUNDLE_IDENTIFIER = "com.BTM.MVVM-Environment-ObjectTests";
				PRODUCT_NAME = "$(TARGET_NAME)";
				SWIFT_VERSION = 5.0;
				TARGETED_DEVICE_FAMILY = "1,2";
				TEST_HOST = "$(BUILT_PRODUCTS_DIR)/MVVM-Environment-Object.app/MVVM-Environment-Object";
			};
			name = Debug;
		};
		60406A4727085BC600A2B767 /* Release */ = {
			isa = XCBuildConfiguration;
			buildSettings = {
				BUNDLE_LOADER = "$(TEST_HOST)";
				CODE_SIGN_STYLE = Automatic;
				DEVELOPMENT_TEAM = 3H56HFHX43;
				INFOPLIST_FILE = "MVVM-Environment-ObjectTests/Info.plist";
				LD_RUNPATH_SEARCH_PATHS = (
					"$(inherited)",
					"@executable_path/Frameworks",
					"@loader_path/Frameworks",
				);
				PRODUCT_BUNDLE_IDENTIFIER = "com.BTM.MVVM-Environment-ObjectTests";
				PRODUCT_NAME = "$(TARGET_NAME)";
				SWIFT_VERSION = 5.0;
				TARGETED_DEVICE_FAMILY = "1,2";
				TEST_HOST = "$(BUILT_PRODUCTS_DIR)/MVVM-Environment-Object.app/MVVM-Environment-Object";
			};
			name = Release;
		};
		60E69E792708472600BE0A95 /* Debug */ = {
			isa = XCBuildConfiguration;
			buildSettings = {
				ALWAYS_SEARCH_USER_PATHS = NO;
				CLANG_ANALYZER_NONNULL = YES;
				CLANG_ANALYZER_NUMBER_OBJECT_CONVERSION = YES_AGGRESSIVE;
				CLANG_CXX_LANGUAGE_STANDARD = "gnu++14";
				CLANG_CXX_LIBRARY = "libc++";
				CLANG_ENABLE_MODULES = YES;
				CLANG_ENABLE_OBJC_ARC = YES;
				CLANG_ENABLE_OBJC_WEAK = YES;
				CLANG_WARN_BLOCK_CAPTURE_AUTORELEASING = YES;
				CLANG_WARN_BOOL_CONVERSION = YES;
				CLANG_WARN_COMMA = YES;
				CLANG_WARN_CONSTANT_CONVERSION = YES;
				CLANG_WARN_DEPRECATED_OBJC_IMPLEMENTATIONS = YES;
				CLANG_WARN_DIRECT_OBJC_ISA_USAGE = YES_ERROR;
				CLANG_WARN_DOCUMENTATION_COMMENTS = YES;
				CLANG_WARN_EMPTY_BODY = YES;
				CLANG_WARN_ENUM_CONVERSION = YES;
				CLANG_WARN_INFINITE_RECURSION = YES;
				CLANG_WARN_INT_CONVERSION = YES;
				CLANG_WARN_NON_LITERAL_NULL_CONVERSION = YES;
				CLANG_WARN_OBJC_IMPLICIT_RETAIN_SELF = YES;
				CLANG_WARN_OBJC_LITERAL_CONVERSION = YES;
				CLANG_WARN_OBJC_ROOT_CLASS = YES_ERROR;
				CLANG_WARN_QUOTED_INCLUDE_IN_FRAMEWORK_HEADER = YES;
				CLANG_WARN_RANGE_LOOP_ANALYSIS = YES;
				CLANG_WARN_STRICT_PROTOTYPES = YES;
				CLANG_WARN_SUSPICIOUS_MOVE = YES;
				CLANG_WARN_UNGUARDED_AVAILABILITY = YES_AGGRESSIVE;
				CLANG_WARN_UNREACHABLE_CODE = YES;
				CLANG_WARN__DUPLICATE_METHOD_MATCH = YES;
				COPY_PHASE_STRIP = NO;
				DEBUG_INFORMATION_FORMAT = dwarf;
				ENABLE_STRICT_OBJC_MSGSEND = YES;
				ENABLE_TESTABILITY = YES;
				GCC_C_LANGUAGE_STANDARD = gnu11;
				GCC_DYNAMIC_NO_PIC = NO;
				GCC_NO_COMMON_BLOCKS = YES;
				GCC_OPTIMIZATION_LEVEL = 0;
				GCC_PREPROCESSOR_DEFINITIONS = (
					"DEBUG=1",
					"$(inherited)",
				);
				GCC_WARN_64_TO_32_BIT_CONVERSION = YES;
				GCC_WARN_ABOUT_RETURN_TYPE = YES_ERROR;
				GCC_WARN_UNDECLARED_SELECTOR = YES;
				GCC_WARN_UNINITIALIZED_AUTOS = YES_AGGRESSIVE;
				GCC_WARN_UNUSED_FUNCTION = YES;
				GCC_WARN_UNUSED_VARIABLE = YES;
				IPHONEOS_DEPLOYMENT_TARGET = 14.5;
				MTL_ENABLE_DEBUG_INFO = INCLUDE_SOURCE;
				MTL_FAST_MATH = YES;
				ONLY_ACTIVE_ARCH = YES;
				SDKROOT = iphoneos;
				SWIFT_ACTIVE_COMPILATION_CONDITIONS = DEBUG;
				SWIFT_OPTIMIZATION_LEVEL = "-Onone";
			};
			name = Debug;
		};
		60E69E7A2708472600BE0A95 /* Release */ = {
			isa = XCBuildConfiguration;
			buildSettings = {
				ALWAYS_SEARCH_USER_PATHS = NO;
				CLANG_ANALYZER_NONNULL = YES;
				CLANG_ANALYZER_NUMBER_OBJECT_CONVERSION = YES_AGGRESSIVE;
				CLANG_CXX_LANGUAGE_STANDARD = "gnu++14";
				CLANG_CXX_LIBRARY = "libc++";
				CLANG_ENABLE_MODULES = YES;
				CLANG_ENABLE_OBJC_ARC = YES;
				CLANG_ENABLE_OBJC_WEAK = YES;
				CLANG_WARN_BLOCK_CAPTURE_AUTORELEASING = YES;
				CLANG_WARN_BOOL_CONVERSION = YES;
				CLANG_WARN_COMMA = YES;
				CLANG_WARN_CONSTANT_CONVERSION = YES;
				CLANG_WARN_DEPRECATED_OBJC_IMPLEMENTATIONS = YES;
				CLANG_WARN_DIRECT_OBJC_ISA_USAGE = YES_ERROR;
				CLANG_WARN_DOCUMENTATION_COMMENTS = YES;
				CLANG_WARN_EMPTY_BODY = YES;
				CLANG_WARN_ENUM_CONVERSION = YES;
				CLANG_WARN_INFINITE_RECURSION = YES;
				CLANG_WARN_INT_CONVERSION = YES;
				CLANG_WARN_NON_LITERAL_NULL_CONVERSION = YES;
				CLANG_WARN_OBJC_IMPLICIT_RETAIN_SELF = YES;
				CLANG_WARN_OBJC_LITERAL_CONVERSION = YES;
				CLANG_WARN_OBJC_ROOT_CLASS = YES_ERROR;
				CLANG_WARN_QUOTED_INCLUDE_IN_FRAMEWORK_HEADER = YES;
				CLANG_WARN_RANGE_LOOP_ANALYSIS = YES;
				CLANG_WARN_STRICT_PROTOTYPES = YES;
				CLANG_WARN_SUSPICIOUS_MOVE = YES;
				CLANG_WARN_UNGUARDED_AVAILABILITY = YES_AGGRESSIVE;
				CLANG_WARN_UNREACHABLE_CODE = YES;
				CLANG_WARN__DUPLICATE_METHOD_MATCH = YES;
				COPY_PHASE_STRIP = NO;
				DEBUG_INFORMATION_FORMAT = "dwarf-with-dsym";
				ENABLE_NS_ASSERTIONS = NO;
				ENABLE_STRICT_OBJC_MSGSEND = YES;
				GCC_C_LANGUAGE_STANDARD = gnu11;
				GCC_NO_COMMON_BLOCKS = YES;
				GCC_WARN_64_TO_32_BIT_CONVERSION = YES;
				GCC_WARN_ABOUT_RETURN_TYPE = YES_ERROR;
				GCC_WARN_UNDECLARED_SELECTOR = YES;
				GCC_WARN_UNINITIALIZED_AUTOS = YES_AGGRESSIVE;
				GCC_WARN_UNUSED_FUNCTION = YES;
				GCC_WARN_UNUSED_VARIABLE = YES;
				IPHONEOS_DEPLOYMENT_TARGET = 14.5;
				MTL_ENABLE_DEBUG_INFO = NO;
				MTL_FAST_MATH = YES;
				SDKROOT = iphoneos;
				SWIFT_COMPILATION_MODE = wholemodule;
				SWIFT_OPTIMIZATION_LEVEL = "-O";
				VALIDATE_PRODUCT = YES;
			};
			name = Release;
		};
		60E69E7C2708472600BE0A95 /* Debug */ = {
			isa = XCBuildConfiguration;
			buildSettings = {
				ASSETCATALOG_COMPILER_APPICON_NAME = AppIcon;
				ASSETCATALOG_COMPILER_GLOBAL_ACCENT_COLOR_NAME = AccentColor;
				CODE_SIGN_STYLE = Automatic;
				DEVELOPMENT_ASSET_PATHS = "\"MVVM-Environment-Object/Preview Content\"";
				DEVELOPMENT_TEAM = 3H56HFHX43;
				ENABLE_PREVIEWS = YES;
				INFOPLIST_FILE = "MVVM-Environment-Object/Info.plist";
				IPHONEOS_DEPLOYMENT_TARGET = 14.0;
				LD_RUNPATH_SEARCH_PATHS = (
					"$(inherited)",
					"@executable_path/Frameworks",
				);
				PRODUCT_BUNDLE_IDENTIFIER = "com.BTM.MVVM-Environment-Object";
				PRODUCT_NAME = "$(TARGET_NAME)";
				SWIFT_VERSION = 5.0;
				TARGETED_DEVICE_FAMILY = "1,2";
			};
			name = Debug;
		};
		60E69E7D2708472600BE0A95 /* Release */ = {
			isa = XCBuildConfiguration;
			buildSettings = {
				ASSETCATALOG_COMPILER_APPICON_NAME = AppIcon;
				ASSETCATALOG_COMPILER_GLOBAL_ACCENT_COLOR_NAME = AccentColor;
				CODE_SIGN_STYLE = Automatic;
				DEVELOPMENT_ASSET_PATHS = "\"MVVM-Environment-Object/Preview Content\"";
				DEVELOPMENT_TEAM = 3H56HFHX43;
				ENABLE_PREVIEWS = YES;
				INFOPLIST_FILE = "MVVM-Environment-Object/Info.plist";
				IPHONEOS_DEPLOYMENT_TARGET = 14.0;
				LD_RUNPATH_SEARCH_PATHS = (
					"$(inherited)",
					"@executable_path/Frameworks",
				);
				PRODUCT_BUNDLE_IDENTIFIER = "com.BTM.MVVM-Environment-Object";
				PRODUCT_NAME = "$(TARGET_NAME)";
				SWIFT_VERSION = 5.0;
				TARGETED_DEVICE_FAMILY = "1,2";
			};
			name = Release;
		};
/* End XCBuildConfiguration section */

/* Begin XCConfigurationList section */
		60406A4527085BC600A2B767 /* Build configuration list for PBXNativeTarget "MVVM-Environment-ObjectTests" */ = {
			isa = XCConfigurationList;
			buildConfigurations = (
				60406A4627085BC600A2B767 /* Debug */,
				60406A4727085BC600A2B767 /* Release */,
			);
			defaultConfigurationIsVisible = 0;
			defaultConfigurationName = Release;
		};
		60E69E672708472400BE0A95 /* Build configuration list for PBXProject "MVVM-Environment-Object" */ = {
			isa = XCConfigurationList;
			buildConfigurations = (
				60E69E792708472600BE0A95 /* Debug */,
				60E69E7A2708472600BE0A95 /* Release */,
			);
			defaultConfigurationIsVisible = 0;
			defaultConfigurationName = Release;
		};
		60E69E7B2708472600BE0A95 /* Build configuration list for PBXNativeTarget "MVVM-Environment-Object" */ = {
			isa = XCConfigurationList;
			buildConfigurations = (
				60E69E7C2708472600BE0A95 /* Debug */,
				60E69E7D2708472600BE0A95 /* Release */,
			);
			defaultConfigurationIsVisible = 0;
			defaultConfigurationName = Release;
		};
/* End XCConfigurationList section */
	};
	rootObject = 60E69E642708472400BE0A95 /* Project object */;
}
